{
  "name": "meta",
  "version": "1.0.0",
  "lockfileVersion": 2,
  "requires": true,
  "packages": {
    "": {
      "version": "1.0.0",
      "devDependencies": {
        "ory-prettier-styles": "^1.1.1",
        "prettier": "2.2.1",
        "text-runner": "git+https://github.com/kevgo/text-runner.git#63c31b3"
      }
    },
    "node_modules/ory-prettier-styles": {
      "version": "1.1.1",
      "resolved": "https://registry.npmjs.org/ory-prettier-styles/-/ory-prettier-styles-1.1.1.tgz",
      "integrity": "sha512-Kv5GUQw0nFDO6w/HcIMNQAh75QeG4ZhrpNuRJaHSlsTvTx9rwpr+bVfeXrhXQsovUW51PF6OvLW3LA0AdDdSzw==",
      "dev": true
    },
    "node_modules/prettier": {
      "version": "2.2.1",
      "resolved": "https://registry.npmjs.org/prettier/-/prettier-2.2.1.tgz",
      "integrity": "sha512-PqyhM2yCjg/oKkFPtTGUojv7gnZAoG80ttl45O6x2Ug/rMJw4wcc9k6aaf2hibP7BGVCCM33gZoGjyvt9mm16Q==",
      "dev": true,
      "bin": {
        "prettier": "bin-prettier.js"
      },
      "engines": {
        "node": ">=10.13.0"
      }
    },
    "node_modules/text-runner": {
      "resolved": "git+ssh://git@github.com/kevgo/text-runner.git#63c31b36371d5bd8df61ff3f8ff944b23c363be5",
      "dev": true,
      "workspaces": [
        "documentation",
        "examples/custom-action",
        "examples/custom-action-coffeescript",
        "examples/custom-action-typescript",
        "shared/cucumber-steps",
        "text-runner-cli",
        "text-runner-core",
        "text-runner-features",
        "textrun-action",
        "textrun-extension",
        "textrun-javascript",
        "textrun-make",
        "textrun-npm",
        "textrun-repo",
        "textrun-shell",
        "textrun-workspace"
      ]
    }
  },
  "dependencies": {
    "ory-prettier-styles": {
      "version": "1.1.1",
      "resolved": "https://registry.npmjs.org/ory-prettier-styles/-/ory-prettier-styles-1.1.1.tgz",
      "integrity": "sha512-Kv5GUQw0nFDO6w/HcIMNQAh75QeG4ZhrpNuRJaHSlsTvTx9rwpr+bVfeXrhXQsovUW51PF6OvLW3LA0AdDdSzw==",
      "dev": true
    },
    "prettier": {
      "version": "2.2.1",
      "resolved": "https://registry.npmjs.org/prettier/-/prettier-2.2.1.tgz",
      "integrity": "sha512-PqyhM2yCjg/oKkFPtTGUojv7gnZAoG80ttl45O6x2Ug/rMJw4wcc9k6aaf2hibP7BGVCCM33gZoGjyvt9mm16Q==",
      "dev": true
    },
    "text-runner": {
      "version": "git+ssh://git@github.com/kevgo/text-runner.git#63c31b36371d5bd8df61ff3f8ff944b23c363be5",
      "dev": true,
      "from": "text-runner@git+https://github.com/kevgo/text-runner.git#63c31b3"
    }
  }
}
